// !$*UTF8*$!
{
	archiveVersion = 1;
	classes = {
	};
	objectVersion = 56;
	objects = {

/* Begin PBXBuildFile section */
		BB3B2C882B920D7A00C70533 /* ProjetWatchOsApp.swift in Sources */ = {isa = PBXBuildFile; fileRef = BB3B2C872B920D7A00C70533 /* ProjetWatchOsApp.swift */; };
		BB3B2C8A2B920D7A00C70533 /* ContentView.swift in Sources */ = {isa = PBXBuildFile; fileRef = BB3B2C892B920D7A00C70533 /* ContentView.swift */; };
		BB3B2C8C2B920D7C00C70533 /* Assets.xcassets in Resources */ = {isa = PBXBuildFile; fileRef = BB3B2C8B2B920D7C00C70533 /* Assets.xcassets */; };
		BB3B2C8F2B920D7C00C70533 /* Preview Assets.xcassets in Resources */ = {isa = PBXBuildFile; fileRef = BB3B2C8E2B920D7C00C70533 /* Preview Assets.xcassets */; };
		BB3B2C952B920D7C00C70533 /* ProjetWatchOs Watch App.app in Embed Watch Content */ = {isa = PBXBuildFile; fileRef = BB3B2C942B920D7C00C70533 /* ProjetWatchOs Watch App.app */; settings = {ATTRIBUTES = (RemoveHeadersOnCopy, ); }; };
		BB3B2C9A2B920D7C00C70533 /* ProjetWatchOsApp.swift in Sources */ = {isa = PBXBuildFile; fileRef = BB3B2C992B920D7C00C70533 /* ProjetWatchOsApp.swift */; };
		BB3B2C9C2B920D7C00C70533 /* ContentView.swift in Sources */ = {isa = PBXBuildFile; fileRef = BB3B2C9B2B920D7C00C70533 /* ContentView.swift */; };
		BB3B2C9E2B920D7D00C70533 /* Assets.xcassets in Resources */ = {isa = PBXBuildFile; fileRef = BB3B2C9D2B920D7D00C70533 /* Assets.xcassets */; };
		BB3B2CA12B920D7D00C70533 /* Preview Assets.xcassets in Resources */ = {isa = PBXBuildFile; fileRef = BB3B2CA02B920D7D00C70533 /* Preview Assets.xcassets */; };
/* End PBXBuildFile section */

/* Begin PBXContainerItemProxy section */
		BB3B2C962B920D7C00C70533 /* PBXContainerItemProxy */ = {
			isa = PBXContainerItemProxy;
			containerPortal = BB3B2C7C2B920D7A00C70533 /* Project object */;
			proxyType = 1;
			remoteGlobalIDString = BB3B2C932B920D7C00C70533;
			remoteInfo = "ProjetWatchOs Watch App";
		};
/* End PBXContainerItemProxy section */

/* Begin PBXCopyFilesBuildPhase section */
		BB3B2CA72B920D7D00C70533 /* Embed Watch Content */ = {
			isa = PBXCopyFilesBuildPhase;
			buildActionMask = 2147483647;
			dstPath = "$(CONTENTS_FOLDER_PATH)/Watch";
			dstSubfolderSpec = 16;
			files = (
				BB3B2C952B920D7C00C70533 /* ProjetWatchOs Watch App.app in Embed Watch Content */,
			);
			name = "Embed Watch Content";
			runOnlyForDeploymentPostprocessing = 0;
		};
/* End PBXCopyFilesBuildPhase section */

/* Begin PBXFileReference section */
		BB3B2C842B920D7A00C70533 /* ProjetWatchOs.app */ = {isa = PBXFileReference; explicitFileType = wrapper.application; includeInIndex = 0; path = ProjetWatchOs.app; sourceTree = BUILT_PRODUCTS_DIR; };
		BB3B2C872B920D7A00C70533 /* ProjetWatchOsApp.swift */ = {isa = PBXFileReference; lastKnownFileType = sourcecode.swift; path = ProjetWatchOsApp.swift; sourceTree = "<group>"; };
		BB3B2C892B920D7A00C70533 /* ContentView.swift */ = {isa = PBXFileReference; lastKnownFileType = sourcecode.swift; path = ContentView.swift; sourceTree = "<group>"; };
		BB3B2C8B2B920D7C00C70533 /* Assets.xcassets */ = {isa = PBXFileReference; lastKnownFileType = folder.assetcatalog; path = Assets.xcassets; sourceTree = "<group>"; };
		BB3B2C8E2B920D7C00C70533 /* Preview Assets.xcassets */ = {isa = PBXFileReference; lastKnownFileType = folder.assetcatalog; path = "Preview Assets.xcassets"; sourceTree = "<group>"; };
		BB3B2C942B920D7C00C70533 /* ProjetWatchOs Watch App.app */ = {isa = PBXFileReference; explicitFileType = wrapper.application; includeInIndex = 0; path = "ProjetWatchOs Watch App.app"; sourceTree = BUILT_PRODUCTS_DIR; };
		BB3B2C992B920D7C00C70533 /* ProjetWatchOsApp.swift */ = {isa = PBXFileReference; lastKnownFileType = sourcecode.swift; path = ProjetWatchOsApp.swift; sourceTree = "<group>"; };
		BB3B2C9B2B920D7C00C70533 /* ContentView.swift */ = {isa = PBXFileReference; lastKnownFileType = sourcecode.swift; path = ContentView.swift; sourceTree = "<group>"; };
		BB3B2C9D2B920D7D00C70533 /* Assets.xcassets */ = {isa = PBXFileReference; lastKnownFileType = folder.assetcatalog; path = Assets.xcassets; sourceTree = "<group>"; };
		BB3B2CA02B920D7D00C70533 /* Preview Assets.xcassets */ = {isa = PBXFileReference; lastKnownFileType = folder.assetcatalog; path = "Preview Assets.xcassets"; sourceTree = "<group>"; };
/* End PBXFileReference section */

/* Begin PBXFrameworksBuildPhase section */
		BB3B2C812B920D7A00C70533 /* Frameworks */ = {
			isa = PBXFrameworksBuildPhase;
			buildActionMask = 2147483647;
			files = (
			);
			runOnlyForDeploymentPostprocessing = 0;
		};
		BB3B2C912B920D7C00C70533 /* Frameworks */ = {
			isa = PBXFrameworksBuildPhase;
			buildActionMask = 2147483647;
			files = (
			);
			runOnlyForDeploymentPostprocessing = 0;
		};
/* End PBXFrameworksBuildPhase section */

/* Begin PBXGroup section */
		BB3B2C7B2B920D7A00C70533 = {
			isa = PBXGroup;
			children = (
				BB3B2C862B920D7A00C70533 /* ProjetWatchOs */,
				BB3B2C982B920D7C00C70533 /* ProjetWatchOs Watch App */,
				BB3B2C852B920D7A00C70533 /* Products */,
			);
			sourceTree = "<group>";
		};
		BB3B2C852B920D7A00C70533 /* Products */ = {
			isa = PBXGroup;
			children = (
				BB3B2C842B920D7A00C70533 /* ProjetWatchOs.app */,
				BB3B2C942B920D7C00C70533 /* ProjetWatchOs Watch App.app */,
			);
			name = Products;
			sourceTree = "<group>";
		};
		BB3B2C862B920D7A00C70533 /* ProjetWatchOs */ = {
			isa = PBXGroup;
			children = (
				BB3B2C872B920D7A00C70533 /* ProjetWatchOsApp.swift */,
				BB3B2C892B920D7A00C70533 /* ContentView.swift */,
				BB3B2C8B2B920D7C00C70533 /* Assets.xcassets */,
				BB3B2C8D2B920D7C00C70533 /* Preview Content */,
			);
			path = ProjetWatchOs;
			sourceTree = "<group>";
		};
		BB3B2C8D2B920D7C00C70533 /* Preview Content */ = {
			isa = PBXGroup;
			children = (
				BB3B2C8E2B920D7C00C70533 /* Preview Assets.xcassets */,
			);
			path = "Preview Content";
			sourceTree = "<group>";
		};
		BB3B2C982B920D7C00C70533 /* ProjetWatchOs Watch App */ = {
			isa = PBXGroup;
			children = (
				BB3B2C992B920D7C00C70533 /* ProjetWatchOsApp.swift */,
				BB3B2C9B2B920D7C00C70533 /* ContentView.swift */,
				BB3B2C9D2B920D7D00C70533 /* Assets.xcassets */,
				BB3B2C9F2B920D7D00C70533 /* Preview Content */,
			);
			path = "ProjetWatchOs Watch App";
			sourceTree = "<group>";
		};
		BB3B2C9F2B920D7D00C70533 /* Preview Content */ = {
			isa = PBXGroup;
			children = (
				BB3B2CA02B920D7D00C70533 /* Preview Assets.xcassets */,
			);
			path = "Preview Content";
			sourceTree = "<group>";
		};
/* End PBXGroup section */

/* Begin PBXNativeTarget section */
		BB3B2C832B920D7A00C70533 /* ProjetWatchOs */ = {
			isa = PBXNativeTarget;
			buildConfigurationList = BB3B2CA82B920D7D00C70533 /* Build configuration list for PBXNativeTarget "ProjetWatchOs" */;
			buildPhases = (
				BB3B2C802B920D7A00C70533 /* Sources */,
				BB3B2C812B920D7A00C70533 /* Frameworks */,
				BB3B2C822B920D7A00C70533 /* Resources */,
				BB3B2CA72B920D7D00C70533 /* Embed Watch Content */,
			);
			buildRules = (
			);
			dependencies = (
				BB3B2C972B920D7C00C70533 /* PBXTargetDependency */,
			);
			name = ProjetWatchOs;
			productName = ProjetWatchOs;
			productReference = BB3B2C842B920D7A00C70533 /* ProjetWatchOs.app */;
			productType = "com.apple.product-type.application";
		};
		BB3B2C932B920D7C00C70533 /* ProjetWatchOs Watch App */ = {
			isa = PBXNativeTarget;
			buildConfigurationList = BB3B2CA42B920D7D00C70533 /* Build configuration list for PBXNativeTarget "ProjetWatchOs Watch App" */;
			buildPhases = (
				BB3B2C902B920D7C00C70533 /* Sources */,
				BB3B2C912B920D7C00C70533 /* Frameworks */,
				BB3B2C922B920D7C00C70533 /* Resources */,
			);
			buildRules = (
			);
			dependencies = (
			);
			name = "ProjetWatchOs Watch App";
			productName = "ProjetWatchOs Watch App";
			productReference = BB3B2C942B920D7C00C70533 /* ProjetWatchOs Watch App.app */;
			productType = "com.apple.product-type.application";
		};
/* End PBXNativeTarget section */

/* Begin PBXProject section */
		BB3B2C7C2B920D7A00C70533 /* Project object */ = {
			isa = PBXProject;
			attributes = {
				BuildIndependentTargetsInParallel = 1;
				LastSwiftUpdateCheck = 1520;
				LastUpgradeCheck = 1520;
				TargetAttributes = {
					BB3B2C832B920D7A00C70533 = {
						CreatedOnToolsVersion = 15.2;
					};
					BB3B2C932B920D7C00C70533 = {
						CreatedOnToolsVersion = 15.2;
					};
				};
			};
			buildConfigurationList = BB3B2C7F2B920D7A00C70533 /* Build configuration list for PBXProject "ProjetWatchOs" */;
			compatibilityVersion = "Xcode 14.0";
			developmentRegion = en;
			hasScannedForEncodings = 0;
			knownRegions = (
				en,
				Base,
			);
			mainGroup = BB3B2C7B2B920D7A00C70533;
			productRefGroup = BB3B2C852B920D7A00C70533 /* Products */;
			projectDirPath = "";
			projectRoot = "";
			targets = (
				BB3B2C832B920D7A00C70533 /* ProjetWatchOs */,
				BB3B2C932B920D7C00C70533 /* ProjetWatchOs Watch App */,
			);
		};
/* End PBXProject section */

/* Begin PBXResourcesBuildPhase section */
		BB3B2C822B920D7A00C70533 /* Resources */ = {
			isa = PBXResourcesBuildPhase;
			buildActionMask = 2147483647;
			files = (
				BB3B2C8F2B920D7C00C70533 /* Preview Assets.xcassets in Resources */,
				BB3B2C8C2B920D7C00C70533 /* Assets.xcassets in Resources */,
			);
			runOnlyForDeploymentPostprocessing = 0;
		};
		BB3B2C922B920D7C00C70533 /* Resources */ = {
			isa = PBXResourcesBuildPhase;
			buildActionMask = 2147483647;
			files = (
				BB3B2CA12B920D7D00C70533 /* Preview Assets.xcassets in Resources */,
				BB3B2C9E2B920D7D00C70533 /* Assets.xcassets in Resources */,
			);
			runOnlyForDeploymentPostprocessing = 0;
		};
/* End PBXResourcesBuildPhase section */

/* Begin PBXSourcesBuildPhase section */
		BB3B2C802B920D7A00C70533 /* Sources */ = {
			isa = PBXSourcesBuildPhase;
			buildActionMask = 2147483647;
			files = (
				BB3B2C8A2B920D7A00C70533 /* ContentView.swift in Sources */,
				BB3B2C882B920D7A00C70533 /* ProjetWatchOsApp.swift in Sources */,
			);
			runOnlyForDeploymentPostprocessing = 0;
		};
		BB3B2C902B920D7C00C70533 /* Sources */ = {
			isa = PBXSourcesBuildPhase;
			buildActionMask = 2147483647;
			files = (
				BB3B2C9C2B920D7C00C70533 /* ContentView.swift in Sources */,
				BB3B2C9A2B920D7C00C70533 /* ProjetWatchOsApp.swift in Sources */,
			);
			runOnlyForDeploymentPostprocessing = 0;
		};
/* End PBXSourcesBuildPhase section */

/* Begin PBXTargetDependency section */
		BB3B2C972B920D7C00C70533 /* PBXTargetDependency */ = {
			isa = PBXTargetDependency;
			target = BB3B2C932B920D7C00C70533 /* ProjetWatchOs Watch App */;
			targetProxy = BB3B2C962B920D7C00C70533 /* PBXContainerItemProxy */;
		};
/* End PBXTargetDependency section */

/* Begin XCBuildConfiguration section */
		BB3B2CA22B920D7D00C70533 /* Debug */ = {
			isa = XCBuildConfiguration;
			buildSettings = {
				ALWAYS_SEARCH_USER_PATHS = NO;
				ASSETCATALOG_COMPILER_GENERATE_SWIFT_ASSET_SYMBOL_EXTENSIONS = YES;
				CLANG_ANALYZER_NONNULL = YES;
				CLANG_ANALYZER_NUMBER_OBJECT_CONVERSION = YES_AGGRESSIVE;
				CLANG_CXX_LANGUAGE_STANDARD = "gnu++20";
				CLANG_ENABLE_MODULES = YES;
				CLANG_ENABLE_OBJC_ARC = YES;
				CLANG_ENABLE_OBJC_WEAK = YES;
				CLANG_WARN_BLOCK_CAPTURE_AUTORELEASING = YES;
				CLANG_WARN_BOOL_CONVERSION = YES;
				CLANG_WARN_COMMA = YES;
				CLANG_WARN_CONSTANT_CONVERSION = YES;
				CLANG_WARN_DEPRECATED_OBJC_IMPLEMENTATIONS = YES;
				CLANG_WARN_DIRECT_OBJC_ISA_USAGE = YES_ERROR;
				CLANG_WARN_DOCUMENTATION_COMMENTS = YES;
				CLANG_WARN_EMPTY_BODY = YES;
				CLANG_WARN_ENUM_CONVERSION = YES;
				CLANG_WARN_INFINITE_RECURSION = YES;
				CLANG_WARN_INT_CONVERSION = YES;
				CLANG_WARN_NON_LITERAL_NULL_CONVERSION = YES;
				CLANG_WARN_OBJC_IMPLICIT_RETAIN_SELF = YES;
				CLANG_WARN_OBJC_LITERAL_CONVERSION = YES;
				CLANG_WARN_OBJC_ROOT_CLASS = YES_ERROR;
				CLANG_WARN_QUOTED_INCLUDE_IN_FRAMEWORK_HEADER = YES;
				CLANG_WARN_RANGE_LOOP_ANALYSIS = YES;
				CLANG_WARN_STRICT_PROTOTYPES = YES;
				CLANG_WARN_SUSPICIOUS_MOVE = YES;
				CLANG_WARN_UNGUARDED_AVAILABILITY = YES_AGGRESSIVE;
				CLANG_WARN_UNREACHABLE_CODE = YES;
				CLANG_WARN__DUPLICATE_METHOD_MATCH = YES;
				COPY_PHASE_STRIP = NO;
				DEBUG_INFORMATION_FORMAT = dwarf;
				ENABLE_STRICT_OBJC_MSGSEND = YES;
				ENABLE_TESTABILITY = YES;
				ENABLE_USER_SCRIPT_SANDBOXING = YES;
				GCC_C_LANGUAGE_STANDARD = gnu17;
				GCC_DYNAMIC_NO_PIC = NO;
				GCC_NO_COMMON_BLOCKS = YES;
				GCC_OPTIMIZATION_LEVEL = 0;
				GCC_PREPROCESSOR_DEFINITIONS = (
					"DEBUG=1",
					"$(inherited)",
				);
				GCC_WARN_64_TO_32_BIT_CONVERSION = YES;
				GCC_WARN_ABOUT_RETURN_TYPE = YES_ERROR;
				GCC_WARN_UNDECLARED_SELECTOR = YES;
				GCC_WARN_UNINITIALIZED_AUTOS = YES_AGGRESSIVE;
				GCC_WARN_UNUSED_FUNCTION = YES;
				GCC_WARN_UNUSED_VARIABLE = YES;
				LOCALIZATION_PREFERS_STRING_CATALOGS = YES;
				MTL_ENABLE_DEBUG_INFO = INCLUDE_SOURCE;
				MTL_FAST_MATH = YES;
				ONLY_ACTIVE_ARCH = YES;
				SWIFT_ACTIVE_COMPILATION_CONDITIONS = "DEBUG $(inherited)";
				SWIFT_OPTIMIZATION_LEVEL = "-Onone";
			};
			name = Debug;
		};
		BB3B2CA32B920D7D00C70533 /* Release */ = {
			isa = XCBuildConfiguration;
			buildSettings = {
				ALWAYS_SEARCH_USER_PATHS = NO;
				ASSETCATALOG_COMPILER_GENERATE_SWIFT_ASSET_SYMBOL_EXTENSIONS = YES;
				CLANG_ANALYZER_NONNULL = YES;
				CLANG_ANALYZER_NUMBER_OBJECT_CONVERSION = YES_AGGRESSIVE;
				CLANG_CXX_LANGUAGE_STANDARD = "gnu++20";
				CLANG_ENABLE_MODULES = YES;
				CLANG_ENABLE_OBJC_ARC = YES;
				CLANG_ENABLE_OBJC_WEAK = YES;
				CLANG_WARN_BLOCK_CAPTURE_AUTORELEASING = YES;
				CLANG_WARN_BOOL_CONVERSION = YES;
				CLANG_WARN_COMMA = YES;
				CLANG_WARN_CONSTANT_CONVERSION = YES;
				CLANG_WARN_DEPRECATED_OBJC_IMPLEMENTATIONS = YES;
				CLANG_WARN_DIRECT_OBJC_ISA_USAGE = YES_ERROR;
				CLANG_WARN_DOCUMENTATION_COMMENTS = YES;
				CLANG_WARN_EMPTY_BODY = YES;
				CLANG_WARN_ENUM_CONVERSION = YES;
				CLANG_WARN_INFINITE_RECURSION = YES;
				CLANG_WARN_INT_CONVERSION = YES;
				CLANG_WARN_NON_LITERAL_NULL_CONVERSION = YES;
				CLANG_WARN_OBJC_IMPLICIT_RETAIN_SELF = YES;
				CLANG_WARN_OBJC_LITERAL_CONVERSION = YES;
				CLANG_WARN_OBJC_ROOT_CLASS = YES_ERROR;
				CLANG_WARN_QUOTED_INCLUDE_IN_FRAMEWORK_HEADER = YES;
				CLANG_WARN_RANGE_LOOP_ANALYSIS = YES;
				CLANG_WARN_STRICT_PROTOTYPES = YES;
				CLANG_WARN_SUSPICIOUS_MOVE = YES;
				CLANG_WARN_UNGUARDED_AVAILABILITY = YES_AGGRESSIVE;
				CLANG_WARN_UNREACHABLE_CODE = YES;
				CLANG_WARN__DUPLICATE_METHOD_MATCH = YES;
				COPY_PHASE_STRIP = NO;
				DEBUG_INFORMATION_FORMAT = "dwarf-with-dsym";
				ENABLE_NS_ASSERTIONS = NO;
				ENABLE_STRICT_OBJC_MSGSEND = YES;
				ENABLE_USER_SCRIPT_SANDBOXING = YES;
				GCC_C_LANGUAGE_STANDARD = gnu17;
				GCC_NO_COMMON_BLOCKS = YES;
				GCC_WARN_64_TO_32_BIT_CONVERSION = YES;
				GCC_WARN_ABOUT_RETURN_TYPE = YES_ERROR;
				GCC_WARN_UNDECLARED_SELECTOR = YES;
				GCC_WARN_UNINITIALIZED_AUTOS = YES_AGGRESSIVE;
				GCC_WARN_UNUSED_FUNCTION = YES;
				GCC_WARN_UNUSED_VARIABLE = YES;
				LOCALIZATION_PREFERS_STRING_CATALOGS = YES;
				MTL_ENABLE_DEBUG_INFO = NO;
				MTL_FAST_MATH = YES;
				SWIFT_COMPILATION_MODE = wholemodule;
			};
			name = Release;
		};
		BB3B2CA52B920D7D00C70533 /* Debug */ = {
			isa = XCBuildConfiguration;
			buildSettings = {
				ASSETCATALOG_COMPILER_APPICON_NAME = AppIcon;
				ASSETCATALOG_COMPILER_GLOBAL_ACCENT_COLOR_NAME = AccentColor;
				CODE_SIGN_STYLE = Automatic;
				CURRENT_PROJECT_VERSION = 1;
				DEVELOPMENT_ASSET_PATHS = "\"ProjetWatchOs Watch App/Preview Content\"";
				DEVELOPMENT_TEAM = M4H38LAMTT;
				ENABLE_PREVIEWS = YES;
				GENERATE_INFOPLIST_FILE = YES;
				INFOPLIST_KEY_CFBundleDisplayName = ProjetWatchOs;
				INFOPLIST_KEY_UISupportedInterfaceOrientations = "UIInterfaceOrientationPortrait UIInterfaceOrientationPortraitUpsideDown";
				INFOPLIST_KEY_WKCompanionAppBundleIdentifier = Rafiq.ProjetWatchOs;
				LD_RUNPATH_SEARCH_PATHS = (
					"$(inherited)",
					"@executable_path/Frameworks",
				);
				MARKETING_VERSION = 1.0;
				PRODUCT_BUNDLE_IDENTIFIER = Rafiq.ProjetWatchOs.watchkitapp;
				PRODUCT_NAME = "$(TARGET_NAME)";
				SDKROOT = watchos;
				SKIP_INSTALL = YES;
				SWIFT_EMIT_LOC_STRINGS = YES;
				SWIFT_VERSION = 5.0;
				TARGETED_DEVICE_FAMILY = 4;
				WATCHOS_DEPLOYMENT_TARGET = 10.2;
			};
			name = Debug;
		};
		BB3B2CA62B920D7D00C70533 /* Release */ = {
			isa = XCBuildConfiguration;
			buildSettings = {
				ASSETCATALOG_COMPILER_APPICON_NAME = AppIcon;
				ASSETCATALOG_COMPILER_GLOBAL_ACCENT_COLOR_NAME = AccentColor;
				CODE_SIGN_STYLE = Automatic;
				CURRENT_PROJECT_VERSION = 1;
				DEVELOPMENT_ASSET_PATHS = "\"ProjetWatchOs Watch App/Preview Content\"";
				DEVELOPMENT_TEAM = M4H38LAMTT;
				ENABLE_PREVIEWS = YES;
				GENERATE_INFOPLIST_FILE = YES;
				INFOPLIST_KEY_CFBundleDisplayName = ProjetWatchOs;
				INFOPLIST_KEY_UISupportedInterfaceOrientations = "UIInterfaceOrientationPortrait UIInterfaceOrientationPortraitUpsideDown";
				INFOPLIST_KEY_WKCompanionAppBundleIdentifier = Rafiq.ProjetWatchOs;
				LD_RUNPATH_SEARCH_PATHS = (
					"$(inherited)",
					"@executable_path/Frameworks",
				);
				MARKETING_VERSION = 1.0;
				PRODUCT_BUNDLE_IDENTIFIER = Rafiq.ProjetWatchOs.watchkitapp;
				PRODUCT_NAME = "$(TARGET_NAME)";
				SDKROOT = watchos;
				SKIP_INSTALL = YES;
				SWIFT_EMIT_LOC_STRINGS = YES;
				SWIFT_VERSION = 5.0;
				TARGETED_DEVICE_FAMILY = 4;
				VALIDATE_PRODUCT = YES;
				WATCHOS_DEPLOYMENT_TARGET = 10.2;
			};
			name = Release;
		};
		BB3B2CA92B920D7D00C70533 /* Debug */ = {
			isa = XCBuildConfiguration;
			buildSettings = {
				ALWAYS_EMBED_SWIFT_STANDARD_LIBRARIES = YES;
				ASSETCATALOG_COMPILER_APPICON_NAME = AppIcon;
				ASSETCATALOG_COMPILER_GLOBAL_ACCENT_COLOR_NAME = AccentColor;
				CODE_SIGN_STYLE = Automatic;
				CURRENT_PROJECT_VERSION = 1;
				DEVELOPMENT_ASSET_PATHS = "\"ProjetWatchOs/Preview Content\"";
				DEVELOPMENT_TEAM = M4H38LAMTT;
				ENABLE_PREVIEWS = YES;
				GENERATE_INFOPLIST_FILE = YES;
				INFOPLIST_KEY_CFBundleDisplayName = ProjetWatchOs;
				INFOPLIST_KEY_UIApplicationSceneManifest_Generation = YES;
				INFOPLIST_KEY_UIApplicationSupportsIndirectInputEvents = YES;
				INFOPLIST_KEY_UILaunchScreen_Generation = YES;
				INFOPLIST_KEY_UISupportedInterfaceOrientations_iPad = "UIInterfaceOrientationPortrait UIInterfaceOrientationPortraitUpsideDown UIInterfaceOrientationLandscapeLeft UIInterfaceOrientationLandscapeRight";
				INFOPLIST_KEY_UISupportedInterfaceOrientations_iPhone = "UIInterfaceOrientationPortrait UIInterfaceOrientationLandscapeLeft UIInterfaceOrientationLandscapeRight";
				IPHONEOS_DEPLOYMENT_TARGET = 17.2;
				LD_RUNPATH_SEARCH_PATHS = (
					"$(inherited)",
					"@executable_path/Frameworks",
				);
				MARKETING_VERSION = 1.0;
				PRODUCT_BUNDLE_IDENTIFIER = Rafiq.ProjetWatchOs;
				PRODUCT_NAME = "$(TARGET_NAME)";
				SDKROOT = iphoneos;
				SWIFT_EMIT_LOC_STRINGS = YES;
				SWIFT_VERSION = 5.0;
				TARGETED_DEVICE_FAMILY = "1,2";
			};
			name = Debug;
		};
		BB3B2CAA2B920D7D00C70533 /* Release */ = {
			isa = XCBuildConfiguration;
			buildSettings = {
				ALWAYS_EMBED_SWIFT_STANDARD_LIBRARIES = YES;
				ASSETCATALOG_COMPILER_APPICON_NAME = AppIcon;
				ASSETCATALOG_COMPILER_GLOBAL_ACCENT_COLOR_NAME = AccentColor;
				CODE_SIGN_STYLE = Automatic;
				CURRENT_PROJECT_VERSION = 1;
				DEVELOPMENT_ASSET_PATHS = "\"ProjetWatchOs/Preview Content\"";
				DEVELOPMENT_TEAM = M4H38LAMTT;
				ENABLE_PREVIEWS = YES;
				GENERATE_INFOPLIST_FILE = YES;
				INFOPLIST_KEY_CFBundleDisplayName = ProjetWatchOs;
				INFOPLIST_KEY_UIApplicationSceneManifest_Generation = YES;
				INFOPLIST_KEY_UIApplicationSupportsIndirectInputEvents = YES;
				INFOPLIST_KEY_UILaunchScreen_Generation = YES;
				INFOPLIST_KEY_UISupportedInterfaceOrientations_iPad = "UIInterfaceOrientationPortrait UIInterfaceOrientationPortraitUpsideDown UIInterfaceOrientationLandscapeLeft UIInterfaceOrientationLandscapeRight";
				INFOPLIST_KEY_UISupportedInterfaceOrientations_iPhone = "UIInterfaceOrientationPortrait UIInterfaceOrientationLandscapeLeft UIInterfaceOrientationLandscapeRight";
				IPHONEOS_DEPLOYMENT_TARGET = 17.2;
				LD_RUNPATH_SEARCH_PATHS = (
					"$(inherited)",
					"@executable_path/Frameworks",
				);
				MARKETING_VERSION = 1.0;
				PRODUCT_BUNDLE_IDENTIFIER = Rafiq.ProjetWatchOs;
				PRODUCT_NAME = "$(TARGET_NAME)";
				SDKROOT = iphoneos;
				SWIFT_EMIT_LOC_STRINGS = YES;
				SWIFT_VERSION = 5.0;
				TARGETED_DEVICE_FAMILY = "1,2";
				VALIDATE_PRODUCT = YES;
			};
			name = Release;
		};
/* End XCBuildConfiguration section */

/* Begin XCConfigurationList section */
		BB3B2C7F2B920D7A00C70533 /* Build configuration list for PBXProject "ProjetWatchOs" */ = {
			isa = XCConfigurationList;
			buildConfigurations = (
				BB3B2CA22B920D7D00C70533 /* Debug */,
				BB3B2CA32B920D7D00C70533 /* Release */,
			);
			defaultConfigurationIsVisible = 0;
			defaultConfigurationName = Release;
		};
		BB3B2CA42B920D7D00C70533 /* Build configuration list for PBXNativeTarget "ProjetWatchOs Watch App" */ = {
			isa = XCConfigurationList;
			buildConfigurations = (
				BB3B2CA52B920D7D00C70533 /* Debug */,
				BB3B2CA62B920D7D00C70533 /* Release */,
			);
			defaultConfigurationIsVisible = 0;
			defaultConfigurationName = Release;
		};
		BB3B2CA82B920D7D00C70533 /* Build configuration list for PBXNativeTarget "ProjetWatchOs" */ = {
			isa = XCConfigurationList;
			buildConfigurations = (
				BB3B2CA92B920D7D00C70533 /* Debug */,
				BB3B2CAA2B920D7D00C70533 /* Release */,
			);
			defaultConfigurationIsVisible = 0;
			defaultConfigurationName = Release;
		};
/* End XCConfigurationList section */
	};
	rootObject = BB3B2C7C2B920D7A00C70533 /* Project object */;
}
